{
  "pins" : [
    {
      "identity" : "swift-syntax",
      "kind" : "remoteSourceControl",
      "location" : "https://github.com/apple/swift-syntax",
      "state" : {
        "revision" : "64889f0c732f210a935a0ad7cda38f77f876262d",
        "version" : "509.1.1"
      }
    },
    {
      "identity" : "vdflow",
      "kind" : "remoteSourceControl",
      "location" : "https://github.com/dankinsoid/VDFlow",
      "state" : {
        "revision" : "243bae56ccb137e48d94034fa995ae7f42e8e095",
        "version" : "4.6.0"
      }
    }
  ],
  "version" : 2
}
