{
  "pins" : [
    {
      "identity" : "swift-syntax",
      "kind" : "remoteSourceControl",
      "location" : "https://github.com/apple/swift-syntax",
      "state" : {
        "revision" : "64889f0c732f210a935a0ad7cda38f77f876262d",
        "version" : "509.1.1"
      }
    },
    {
      "identity" : "vdflow",
      "kind" : "remoteSourceControl",
      "location" : "https://github.com/dankinsoid/VDFlow",
      "state" : {
        "revision" : "c56440956274448d9a7efaa77e3f03b1d3104464",
        "version" : "4.26.0"
      }
    }
  ],
  "version" : 2
}
